
Microsoft Visual Studio Solution File, Format Version 12.00
# Visual Studio 15
VisualStudioVersion = 15.0.27130.2027
MinimumVisualStudioVersion = 10.0.40219.1
Project("{FAE04EC0-301F-11D3-BF4B-00C04F79EFBC}") = "Console", "Console\Console.csproj", "{0A5329D3-0343-4EB8-ABFF-EC65F60FAE20}"
EndProject
Project("{FAE04EC0-301F-11D3-BF4B-00C04F79EFBC}") = "WebServer", "WebServer\WebServer.csproj", "{BD949C3D-31D8-4235-85F7-70D225C9C78C}"
EndProject
Project("{FAE04EC0-301F-11D3-BF4B-00C04F79EFBC}") = "GameServer", "GameServer\GameServer.csproj", "{544C04F0-45E2-439D-B09D-3F23FBC0541E}"
EndProject
Project("{FAE04EC0-301F-11D3-BF4B-00C04F79EFBC}") = "ServerBase", "ServerBase\ServerBase.csproj", "{BB0BF445-F6CF-4E88-ABF3-C4FDB5569317}"
EndProject
Project("{FAE04EC0-301F-11D3-BF4B-00C04F79EFBC}") = "GameEngine", "GameEngine\GameEngine.csproj", "{CED96467-81E1-453C-A416-1D0B8EC03DB3}"
EndProject
Global
	GlobalSection(SolutionConfigurationPlatforms) = preSolution
		Debug|Any CPU = Debug|Any CPU
		Release|Any CPU = Release|Any CPU
	EndGlobalSection
	GlobalSection(ProjectConfigurationPlatforms) = postSolution
		{0A5329D3-0343-4EB8-ABFF-EC65F60FAE20}.Debug|Any CPU.ActiveCfg = Debug|Any CPU
		{0A5329D3-0343-4EB8-ABFF-EC65F60FAE20}.Debug|Any CPU.Build.0 = Debug|Any CPU
		{0A5329D3-0343-4EB8-ABFF-EC65F60FAE20}.Release|Any CPU.ActiveCfg = Release|Any CPU
		{0A5329D3-0343-4EB8-ABFF-EC65F60FAE20}.Release|Any CPU.Build.0 = Release|Any CPU
		{BD949C3D-31D8-4235-85F7-70D225C9C78C}.Debug|Any CPU.ActiveCfg = Debug|Any CPU
		{BD949C3D-31D8-4235-85F7-70D225C9C78C}.Debug|Any CPU.Build.0 = Debug|Any CPU
		{BD949C3D-31D8-4235-85F7-70D225C9C78C}.Release|Any CPU.ActiveCfg = Release|Any CPU
		{BD949C3D-31D8-4235-85F7-70D225C9C78C}.Release|Any CPU.Build.0 = Release|Any CPU
		{544C04F0-45E2-439D-B09D-3F23FBC0541E}.Debug|Any CPU.ActiveCfg = Debug|Any CPU
		{544C04F0-45E2-439D-B09D-3F23FBC0541E}.Debug|Any CPU.Build.0 = Debug|Any CPU
		{544C04F0-45E2-439D-B09D-3F23FBC0541E}.Release|Any CPU.ActiveCfg = Release|Any CPU
		{544C04F0-45E2-439D-B09D-3F23FBC0541E}.Release|Any CPU.Build.0 = Release|Any CPU
		{BB0BF445-F6CF-4E88-ABF3-C4FDB5569317}.Debug|Any CPU.ActiveCfg = Debug|Any CPU
		{BB0BF445-F6CF-4E88-ABF3-C4FDB5569317}.Debug|Any CPU.Build.0 = Debug|Any CPU
		{BB0BF445-F6CF-4E88-ABF3-C4FDB5569317}.Release|Any CPU.ActiveCfg = Release|Any CPU
		{BB0BF445-F6CF-4E88-ABF3-C4FDB5569317}.Release|Any CPU.Build.0 = Release|Any CPU
		{CED96467-81E1-453C-A416-1D0B8EC03DB3}.Debug|Any CPU.ActiveCfg = Debug|Any CPU
		{CED96467-81E1-453C-A416-1D0B8EC03DB3}.Debug|Any CPU.Build.0 = Debug|Any CPU
		{CED96467-81E1-453C-A416-1D0B8EC03DB3}.Release|Any CPU.ActiveCfg = Release|Any CPU
		{CED96467-81E1-453C-A416-1D0B8EC03DB3}.Release|Any CPU.Build.0 = Release|Any CPU
	EndGlobalSection
	GlobalSection(SolutionProperties) = preSolution
		HideSolutionNode = FALSE
	EndGlobalSection
	GlobalSection(ExtensibilityGlobals) = postSolution
		SolutionGuid = {F998ACDA-5402-4218-B1C4-04596F6E6D43}
	EndGlobalSection
EndGlobal
